
Microsoft Visual Studio Solution File, Format Version 12.00
# Visual Studio 15
VisualStudioVersion = 15.0.25807.0
MinimumVisualStudioVersion = 10.0.40219.1
Project("{2150E333-8FDC-42A3-9474-1A3956D46DE8}") = "Engine", "Engine", "{A30F55F1-0DA2-455F-8451-26C2579EFA9B}"
EndProject
Project("{2150E333-8FDC-42A3-9474-1A3956D46DE8}") = "Games", "Games", "{AB973EE4-FDAE-4375-85EC-9A6B294493DD}"
EndProject
Project("{8BC9CEB8-8B4A-11D0-8D11-00A0C91BC942}") = "UE4", "Intermediate\ProjectFiles\UE4.vcxproj", "{893321A3-6A38-49DB-82BC-C56AEA99FF00}"
EndProject
Project("{8BC9CEB8-8B4A-11D0-8D11-00A0C91BC942}") = "UnrealLum", "Intermediate\ProjectFiles\UnrealLum.vcxproj", "{F5754F3C-9B2B-4898-BE94-5337993CA22D}"
EndProject
Project("{2150E333-8FDC-42A3-9474-1A3956D46DE8}") = "Visualizers", "Visualizers", "{A6E906D7-3B31-4F28-BE2B-6A4F4128A27C}"
	ProjectSection(SolutionItems) = preProject
		..\..\..\..\UE_4.22\Engine\Extras\VisualStudioDebugging\UE4.natvis = ..\..\..\..\UE_4.22\Engine\Extras\VisualStudioDebugging\UE4.natvis
	EndProjectSection
EndProject
Global
	GlobalSection(SolutionConfigurationPlatforms) = preSolution
		DebugGame Editor|HTML5 = DebugGame Editor|HTML5
		DebugGame Editor|Win32 = DebugGame Editor|Win32
		DebugGame Editor|Win64 = DebugGame Editor|Win64
		DebugGame|HTML5 = DebugGame|HTML5
		DebugGame|Win32 = DebugGame|Win32
		DebugGame|Win64 = DebugGame|Win64
		Development Editor|HTML5 = Development Editor|HTML5
		Development Editor|Win32 = Development Editor|Win32
		Development Editor|Win64 = Development Editor|Win64
		Development|HTML5 = Development|HTML5
		Development|Win32 = Development|Win32
		Development|Win64 = Development|Win64
		Shipping|HTML5 = Shipping|HTML5
		Shipping|Win32 = Shipping|Win32
		Shipping|Win64 = Shipping|Win64
	EndGlobalSection
	GlobalSection(ProjectConfigurationPlatforms) = postSolution
		{893321A3-6A38-49DB-82BC-C56AEA99FF00}.DebugGame Editor|HTML5.ActiveCfg = BuiltWithUnrealBuildTool|Win32
		{893321A3-6A38-49DB-82BC-C56AEA99FF00}.DebugGame Editor|Win32.ActiveCfg = BuiltWithUnrealBuildTool|Win32
		{893321A3-6A38-49DB-82BC-C56AEA99FF00}.DebugGame Editor|Win64.ActiveCfg = BuiltWithUnrealBuildTool|Win32
		{893321A3-6A38-49DB-82BC-C56AEA99FF00}.DebugGame|HTML5.ActiveCfg = BuiltWithUnrealBuildTool|Win32
		{893321A3-6A38-49DB-82BC-C56AEA99FF00}.DebugGame|Win32.ActiveCfg = BuiltWithUnrealBuildTool|Win32
		{893321A3-6A38-49DB-82BC-C56AEA99FF00}.DebugGame|Win64.ActiveCfg = BuiltWithUnrealBuildTool|Win32
		{893321A3-6A38-49DB-82BC-C56AEA99FF00}.Development Editor|HTML5.ActiveCfg = BuiltWithUnrealBuildTool|Win32
		{893321A3-6A38-49DB-82BC-C56AEA99FF00}.Development Editor|Win32.ActiveCfg = BuiltWithUnrealBuildTool|Win32
		{893321A3-6A38-49DB-82BC-C56AEA99FF00}.Development Editor|Win64.ActiveCfg = BuiltWithUnrealBuildTool|Win32
		{893321A3-6A38-49DB-82BC-C56AEA99FF00}.Development|HTML5.ActiveCfg = BuiltWithUnrealBuildTool|Win32
		{893321A3-6A38-49DB-82BC-C56AEA99FF00}.Development|Win32.ActiveCfg = BuiltWithUnrealBuildTool|Win32
		{893321A3-6A38-49DB-82BC-C56AEA99FF00}.Development|Win64.ActiveCfg = BuiltWithUnrealBuildTool|Win32
		{893321A3-6A38-49DB-82BC-C56AEA99FF00}.Shipping|HTML5.ActiveCfg = BuiltWithUnrealBuildTool|Win32
		{893321A3-6A38-49DB-82BC-C56AEA99FF00}.Shipping|Win32.ActiveCfg = BuiltWithUnrealBuildTool|Win32
		{893321A3-6A38-49DB-82BC-C56AEA99FF00}.Shipping|Win64.ActiveCfg = BuiltWithUnrealBuildTool|Win32
		{F5754F3C-9B2B-4898-BE94-5337993CA22D}.DebugGame Editor|HTML5.ActiveCfg = Invalid|Win32
		{F5754F3C-9B2B-4898-BE94-5337993CA22D}.DebugGame Editor|Win32.ActiveCfg = Invalid|Win32
		{F5754F3C-9B2B-4898-BE94-5337993CA22D}.DebugGame Editor|Win64.ActiveCfg = DebugGame_Editor|x64
		{F5754F3C-9B2B-4898-BE94-5337993CA22D}.DebugGame Editor|Win64.Build.0 = DebugGame_Editor|x64
		{F5754F3C-9B2B-4898-BE94-5337993CA22D}.DebugGame|HTML5.ActiveCfg = HTML5_DebugGame|Win32
		{F5754F3C-9B2B-4898-BE94-5337993CA22D}.DebugGame|HTML5.Build.0 = HTML5_DebugGame|Win32
		{F5754F3C-9B2B-4898-BE94-5337993CA22D}.DebugGame|Win32.ActiveCfg = DebugGame|Win32
		{F5754F3C-9B2B-4898-BE94-5337993CA22D}.DebugGame|Win32.Build.0 = DebugGame|Win32
		{F5754F3C-9B2B-4898-BE94-5337993CA22D}.DebugGame|Win64.ActiveCfg = DebugGame|x64
		{F5754F3C-9B2B-4898-BE94-5337993CA22D}.DebugGame|Win64.Build.0 = DebugGame|x64
		{F5754F3C-9B2B-4898-BE94-5337993CA22D}.Development Editor|HTML5.ActiveCfg = Invalid|Win32
		{F5754F3C-9B2B-4898-BE94-5337993CA22D}.Development Editor|Win32.ActiveCfg = Invalid|Win32
		{F5754F3C-9B2B-4898-BE94-5337993CA22D}.Development Editor|Win64.ActiveCfg = Development_Editor|x64
		{F5754F3C-9B2B-4898-BE94-5337993CA22D}.Development Editor|Win64.Build.0 = Development_Editor|x64
		{F5754F3C-9B2B-4898-BE94-5337993CA22D}.Development|HTML5.ActiveCfg = HTML5_Development|Win32
		{F5754F3C-9B2B-4898-BE94-5337993CA22D}.Development|HTML5.Build.0 = HTML5_Development|Win32
		{F5754F3C-9B2B-4898-BE94-5337993CA22D}.Development|Win32.ActiveCfg = Development|Win32
		{F5754F3C-9B2B-4898-BE94-5337993CA22D}.Development|Win32.Build.0 = Development|Win32
		{F5754F3C-9B2B-4898-BE94-5337993CA22D}.Development|Win64.ActiveCfg = Development|x64
		{F5754F3C-9B2B-4898-BE94-5337993CA22D}.Development|Win64.Build.0 = Development|x64
		{F5754F3C-9B2B-4898-BE94-5337993CA22D}.Shipping|HTML5.ActiveCfg = HTML5_Shipping|Win32
		{F5754F3C-9B2B-4898-BE94-5337993CA22D}.Shipping|HTML5.Build.0 = HTML5_Shipping|Win32
		{F5754F3C-9B2B-4898-BE94-5337993CA22D}.Shipping|Win32.ActiveCfg = Shipping|Win32
		{F5754F3C-9B2B-4898-BE94-5337993CA22D}.Shipping|Win32.Build.0 = Shipping|Win32
		{F5754F3C-9B2B-4898-BE94-5337993CA22D}.Shipping|Win64.ActiveCfg = Shipping|x64
		{F5754F3C-9B2B-4898-BE94-5337993CA22D}.Shipping|Win64.Build.0 = Shipping|x64
	EndGlobalSection
	GlobalSection(SolutionProperties) = preSolution
		HideSolutionNode = FALSE
	EndGlobalSection
	GlobalSection(NestedProjects) = preSolution
		{893321A3-6A38-49DB-82BC-C56AEA99FF00} = {A30F55F1-0DA2-455F-8451-26C2579EFA9B}
		{F5754F3C-9B2B-4898-BE94-5337993CA22D} = {AB973EE4-FDAE-4375-85EC-9A6B294493DD}
	EndGlobalSection
EndGlobal
